
Microsoft Visual Studio Solution File, Format Version 12.00
# Visual Studio Version 17
VisualStudioVersion = 17.0.31903.59
MinimumVisualStudioVersion = 10.0.40219.1
Project("{2150E333-8FDC-42A3-9474-1A3956D46DE8}") = "src", "src", "{827E0CD3-B72D-47B6-A68D-7590B98EB39B}"
EndProject
Project("{FAE04EC0-301F-11D3-BF4B-00C04F79EFBC}") = "CSMSNet.OcppAdapter.Core", "src\CSMSNet.OcppAdapter.Core\CSMSNet.OcppAdapter.Core.csproj", "{44A54FB7-229D-4C52-A000-644F93FF704A}"
EndProject
Project("{FAE04EC0-301F-11D3-BF4B-00C04F79EFBC}") = "CSMSNet.OcppAdapter.Protocol", "src\CSMSNet.OcppAdapter.Protocol\CSMSNet.OcppAdapter.Protocol.csproj", "{95ADD0CE-EE32-4B75-AAFB-669ABDFCD80E}"
EndProject
Project("{FAE04EC0-301F-11D3-BF4B-00C04F79EFBC}") = "CSMSNet.OcppAdapter.Server", "src\CSMSNet.OcppAdapter.Server\CSMSNet.OcppAdapter.Server.csproj", "{EF2614CB-1B79-4820-B971-6891F5952412}"
EndProject
Project("{2150E333-8FDC-42A3-9474-1A3956D46DE8}") = "tests", "tests", "{0AB3BF05-4346-4AA6-1389-037BE0695223}"
EndProject
Project("{FAE04EC0-301F-11D3-BF4B-00C04F79EFBC}") = "CSMSNet.OcppAdapter.Tests", "tests\CSMSNet.OcppAdapter.Tests\CSMSNet.OcppAdapter.Tests.csproj", "{2630F8F3-C656-4749-A939-2943516E1A95}"
EndProject
Global
	GlobalSection(SolutionConfigurationPlatforms) = preSolution
		Debug|Any CPU = Debug|Any CPU
		Debug|x64 = Debug|x64
		Debug|x86 = Debug|x86
		Release|Any CPU = Release|Any CPU
		Release|x64 = Release|x64
		Release|x86 = Release|x86
	EndGlobalSection
	GlobalSection(ProjectConfigurationPlatforms) = postSolution
		{44A54FB7-229D-4C52-A000-644F93FF704A}.Debug|Any CPU.ActiveCfg = Debug|Any CPU
		{44A54FB7-229D-4C52-A000-644F93FF704A}.Debug|Any CPU.Build.0 = Debug|Any CPU
		{44A54FB7-229D-4C52-A000-644F93FF704A}.Debug|x64.ActiveCfg = Debug|Any CPU
		{44A54FB7-229D-4C52-A000-644F93FF704A}.Debug|x64.Build.0 = Debug|Any CPU
		{44A54FB7-229D-4C52-A000-644F93FF704A}.Debug|x86.ActiveCfg = Debug|Any CPU
		{44A54FB7-229D-4C52-A000-644F93FF704A}.Debug|x86.Build.0 = Debug|Any CPU
		{44A54FB7-229D-4C52-A000-644F93FF704A}.Release|Any CPU.ActiveCfg = Release|Any CPU
		{44A54FB7-229D-4C52-A000-644F93FF704A}.Release|Any CPU.Build.0 = Release|Any CPU
		{44A54FB7-229D-4C52-A000-644F93FF704A}.Release|x64.ActiveCfg = Release|Any CPU
		{44A54FB7-229D-4C52-A000-644F93FF704A}.Release|x64.Build.0 = Release|Any CPU
		{44A54FB7-229D-4C52-A000-644F93FF704A}.Release|x86.ActiveCfg = Release|Any CPU
		{44A54FB7-229D-4C52-A000-644F93FF704A}.Release|x86.Build.0 = Release|Any CPU
		{95ADD0CE-EE32-4B75-AAFB-669ABDFCD80E}.Debug|Any CPU.ActiveCfg = Debug|Any CPU
		{95ADD0CE-EE32-4B75-AAFB-669ABDFCD80E}.Debug|Any CPU.Build.0 = Debug|Any CPU
		{95ADD0CE-EE32-4B75-AAFB-669ABDFCD80E}.Debug|x64.ActiveCfg = Debug|Any CPU
		{95ADD0CE-EE32-4B75-AAFB-669ABDFCD80E}.Debug|x64.Build.0 = Debug|Any CPU
		{95ADD0CE-EE32-4B75-AAFB-669ABDFCD80E}.Debug|x86.ActiveCfg = Debug|Any CPU
		{95ADD0CE-EE32-4B75-AAFB-669ABDFCD80E}.Debug|x86.Build.0 = Debug|Any CPU
		{95ADD0CE-EE32-4B75-AAFB-669ABDFCD80E}.Release|Any CPU.ActiveCfg = Release|Any CPU
		{95ADD0CE-EE32-4B75-AAFB-669ABDFCD80E}.Release|Any CPU.Build.0 = Release|Any CPU
		{95ADD0CE-EE32-4B75-AAFB-669ABDFCD80E}.Release|x64.ActiveCfg = Release|Any CPU
		{95ADD0CE-EE32-4B75-AAFB-669ABDFCD80E}.Release|x64.Build.0 = Release|Any CPU
		{95ADD0CE-EE32-4B75-AAFB-669ABDFCD80E}.Release|x86.ActiveCfg = Release|Any CPU
		{95ADD0CE-EE32-4B75-AAFB-669ABDFCD80E}.Release|x86.Build.0 = Release|Any CPU
		{EF2614CB-1B79-4820-B971-6891F5952412}.Debug|Any CPU.ActiveCfg = Debug|Any CPU
		{EF2614CB-1B79-4820-B971-6891F5952412}.Debug|Any CPU.Build.0 = Debug|Any CPU
		{EF2614CB-1B79-4820-B971-6891F5952412}.Debug|x64.ActiveCfg = Debug|Any CPU
		{EF2614CB-1B79-4820-B971-6891F5952412}.Debug|x64.Build.0 = Debug|Any CPU
		{EF2614CB-1B79-4820-B971-6891F5952412}.Debug|x86.ActiveCfg = Debug|Any CPU
		{EF2614CB-1B79-4820-B971-6891F5952412}.Debug|x86.Build.0 = Debug|Any CPU
		{EF2614CB-1B79-4820-B971-6891F5952412}.Release|Any CPU.ActiveCfg = Release|Any CPU
		{EF2614CB-1B79-4820-B971-6891F5952412}.Release|Any CPU.Build.0 = Release|Any CPU
		{EF2614CB-1B79-4820-B971-6891F5952412}.Release|x64.ActiveCfg = Release|Any CPU
		{EF2614CB-1B79-4820-B971-6891F5952412}.Release|x64.Build.0 = Release|Any CPU
		{EF2614CB-1B79-4820-B971-6891F5952412}.Release|x86.ActiveCfg = Release|Any CPU
		{EF2614CB-1B79-4820-B971-6891F5952412}.Release|x86.Build.0 = Release|Any CPU
		{2630F8F3-C656-4749-A939-2943516E1A95}.Debug|Any CPU.ActiveCfg = Debug|Any CPU
		{2630F8F3-C656-4749-A939-2943516E1A95}.Debug|Any CPU.Build.0 = Debug|Any CPU
		{2630F8F3-C656-4749-A939-2943516E1A95}.Debug|x64.ActiveCfg = Debug|Any CPU
		{2630F8F3-C656-4749-A939-2943516E1A95}.Debug|x64.Build.0 = Debug|Any CPU
		{2630F8F3-C656-4749-A939-2943516E1A95}.Debug|x86.ActiveCfg = Debug|Any CPU
		{2630F8F3-C656-4749-A939-2943516E1A95}.Debug|x86.Build.0 = Debug|Any CPU
		{2630F8F3-C656-4749-A939-2943516E1A95}.Release|Any CPU.ActiveCfg = Release|Any CPU
		{2630F8F3-C656-4749-A939-2943516E1A95}.Release|Any CPU.Build.0 = Release|Any CPU
		{2630F8F3-C656-4749-A939-2943516E1A95}.Release|x64.ActiveCfg = Release|Any CPU
		{2630F8F3-C656-4749-A939-2943516E1A95}.Release|x64.Build.0 = Release|Any CPU
		{2630F8F3-C656-4749-A939-2943516E1A95}.Release|x86.ActiveCfg = Release|Any CPU
		{2630F8F3-C656-4749-A939-2943516E1A95}.Release|x86.Build.0 = Release|Any CPU
	EndGlobalSection
	GlobalSection(SolutionProperties) = preSolution
		HideSolutionNode = FALSE
	EndGlobalSection
	GlobalSection(NestedProjects) = preSolution
		{44A54FB7-229D-4C52-A000-644F93FF704A} = {827E0CD3-B72D-47B6-A68D-7590B98EB39B}
		{95ADD0CE-EE32-4B75-AAFB-669ABDFCD80E} = {827E0CD3-B72D-47B6-A68D-7590B98EB39B}
		{EF2614CB-1B79-4820-B971-6891F5952412} = {827E0CD3-B72D-47B6-A68D-7590B98EB39B}
		{2630F8F3-C656-4749-A939-2943516E1A95} = {0AB3BF05-4346-4AA6-1389-037BE0695223}
	EndGlobalSection
EndGlobal
